
Microsoft Visual Studio Solution File, Format Version 10.00
# Visual Studio 2008
Project("{E24C65DC-7377-472B-9ABA-BC803B73C61A}") = "Website", "Website\", "{894ED89B-63F3-47BF-BAB5-1105C949C1BE}"
	ProjectSection(WebsiteProperties) = preProject
		TargetFramework = "3.5"
		ProjectReferences = "{D7812BBA-A1FE-4906-B924-F255792909E1}|Spoffice.Lib.dll;"
		Debug.AspNetCompiler.VirtualPath = "/Website"
		Debug.AspNetCompiler.PhysicalPath = "Website\"
		Debug.AspNetCompiler.TargetPath = "PrecompiledWeb\Website\"
		Debug.AspNetCompiler.Updateable = "true"
		Debug.AspNetCompiler.ForceOverwrite = "true"
		Debug.AspNetCompiler.FixedNames = "false"
		Debug.AspNetCompiler.Debug = "True"
		Release.AspNetCompiler.VirtualPath = "/Website"
		Release.AspNetCompiler.PhysicalPath = "Website\"
		Release.AspNetCompiler.TargetPath = "PrecompiledWeb\Website\"
		Release.AspNetCompiler.Updateable = "true"
		Release.AspNetCompiler.ForceOverwrite = "true"
		Release.AspNetCompiler.FixedNames = "false"
		Release.AspNetCompiler.Debug = "False"
		VWDPort = "58153"
		DefaultWebSiteLanguage = "Visual C#"
	EndProjectSection
EndProject
Project("{FAE04EC0-301F-11D3-BF4B-00C04F79EFBC}") = "Spoffice.Lib", "Spoffice.Lib\Spoffice.Lib.csproj", "{D7812BBA-A1FE-4906-B924-F255792909E1}"
EndProject
Project("{FAE04EC0-301F-11D3-BF4B-00C04F79EFBC}") = "SharpSpotLib", "SharpSpotLib\SharpSpotLib.csproj", "{CF1CB80F-376B-4C1D-9D53-8DEE64DC6926}"
EndProject
Global
	GlobalSection(SolutionConfigurationPlatforms) = preSolution
		Debug|Any CPU = Debug|Any CPU
		Debug|x86 = Debug|x86
		Release|Any CPU = Release|Any CPU
		Release|x86 = Release|x86
		Release2|Any CPU = Release2|Any CPU
		Release2|x86 = Release2|x86
	EndGlobalSection
	GlobalSection(ProjectConfigurationPlatforms) = postSolution
		{894ED89B-63F3-47BF-BAB5-1105C949C1BE}.Debug|Any CPU.ActiveCfg = Debug|Any CPU
		{894ED89B-63F3-47BF-BAB5-1105C949C1BE}.Debug|Any CPU.Build.0 = Debug|Any CPU
		{894ED89B-63F3-47BF-BAB5-1105C949C1BE}.Debug|x86.ActiveCfg = Debug|Any CPU
		{894ED89B-63F3-47BF-BAB5-1105C949C1BE}.Release|Any CPU.ActiveCfg = Debug|Any CPU
		{894ED89B-63F3-47BF-BAB5-1105C949C1BE}.Release|Any CPU.Build.0 = Debug|Any CPU
		{894ED89B-63F3-47BF-BAB5-1105C949C1BE}.Release|x86.ActiveCfg = Debug|Any CPU
		{894ED89B-63F3-47BF-BAB5-1105C949C1BE}.Release2|Any CPU.ActiveCfg = Debug|Any CPU
		{894ED89B-63F3-47BF-BAB5-1105C949C1BE}.Release2|Any CPU.Build.0 = Debug|Any CPU
		{894ED89B-63F3-47BF-BAB5-1105C949C1BE}.Release2|x86.ActiveCfg = Debug|Any CPU
		{D7812BBA-A1FE-4906-B924-F255792909E1}.Debug|Any CPU.ActiveCfg = Debug|Any CPU
		{D7812BBA-A1FE-4906-B924-F255792909E1}.Debug|Any CPU.Build.0 = Debug|Any CPU
		{D7812BBA-A1FE-4906-B924-F255792909E1}.Debug|x86.ActiveCfg = Debug|Any CPU
		{D7812BBA-A1FE-4906-B924-F255792909E1}.Release|Any CPU.ActiveCfg = Release|Any CPU
		{D7812BBA-A1FE-4906-B924-F255792909E1}.Release|Any CPU.Build.0 = Release|Any CPU
		{D7812BBA-A1FE-4906-B924-F255792909E1}.Release|x86.ActiveCfg = Release|Any CPU
		{D7812BBA-A1FE-4906-B924-F255792909E1}.Release2|Any CPU.ActiveCfg = Release|Any CPU
		{D7812BBA-A1FE-4906-B924-F255792909E1}.Release2|Any CPU.Build.0 = Release|Any CPU
		{D7812BBA-A1FE-4906-B924-F255792909E1}.Release2|x86.ActiveCfg = Release|Any CPU
		{CF1CB80F-376B-4C1D-9D53-8DEE64DC6926}.Debug|Any CPU.ActiveCfg = Debug|Any CPU
		{CF1CB80F-376B-4C1D-9D53-8DEE64DC6926}.Debug|Any CPU.Build.0 = Debug|Any CPU
		{CF1CB80F-376B-4C1D-9D53-8DEE64DC6926}.Debug|x86.ActiveCfg = Debug|x86
		{CF1CB80F-376B-4C1D-9D53-8DEE64DC6926}.Debug|x86.Build.0 = Debug|x86
		{CF1CB80F-376B-4C1D-9D53-8DEE64DC6926}.Release|Any CPU.ActiveCfg = Release|Any CPU
		{CF1CB80F-376B-4C1D-9D53-8DEE64DC6926}.Release|Any CPU.Build.0 = Release|Any CPU
		{CF1CB80F-376B-4C1D-9D53-8DEE64DC6926}.Release|x86.ActiveCfg = Release|x86
		{CF1CB80F-376B-4C1D-9D53-8DEE64DC6926}.Release|x86.Build.0 = Release|x86
		{CF1CB80F-376B-4C1D-9D53-8DEE64DC6926}.Release2|Any CPU.ActiveCfg = Release2|Any CPU
		{CF1CB80F-376B-4C1D-9D53-8DEE64DC6926}.Release2|Any CPU.Build.0 = Release2|Any CPU
		{CF1CB80F-376B-4C1D-9D53-8DEE64DC6926}.Release2|x86.ActiveCfg = Release2|x86
		{CF1CB80F-376B-4C1D-9D53-8DEE64DC6926}.Release2|x86.Build.0 = Release2|x86
	EndGlobalSection
	GlobalSection(SolutionProperties) = preSolution
		HideSolutionNode = FALSE
	EndGlobalSection
EndGlobal
